
Microsoft Visual Studio Solution File, Format Version 12.00
# Visual Studio Version 17
VisualStudioVersion = 17.11.35208.52
MinimumVisualStudioVersion = 10.0.40219.1
Project("{9A19103F-16F7-4668-BE54-9A1E7A4F7556}") = "Subchain.Application", "Subchain.Application\Subchain.Application.csproj", "{287D9577-53B0-4423-9DE0-15A705367A8A}"
EndProject
Project("{9A19103F-16F7-4668-BE54-9A1E7A4F7556}") = "Subchain.Tasks", "Subchain.Tasks\Subchain.Tasks.csproj", "{EAC3A60A-9904-4425-A590-285AA3BBB211}"
EndProject
Project("{FAE04EC0-301F-11D3-BF4B-00C04F79EFBC}") = "Subchain.Tasks.Test", "Subchain.Tasks.Test\Subchain.Tasks.Test.csproj", "{00E34788-D21A-4292-8F6F-79C2BEC88730}"
EndProject
Global
	GlobalSection(SolutionConfigurationPlatforms) = preSolution
		Debug|Any CPU = Debug|Any CPU
		Debug|ARM64 = Debug|ARM64
		Debug|x64 = Debug|x64
		Debug|x86 = Debug|x86
		Release|Any CPU = Release|Any CPU
		Release|ARM64 = Release|ARM64
		Release|x64 = Release|x64
		Release|x86 = Release|x86
	EndGlobalSection
	GlobalSection(ProjectConfigurationPlatforms) = postSolution
		{287D9577-53B0-4423-9DE0-15A705367A8A}.Debug|Any CPU.ActiveCfg = Debug|x64
		{287D9577-53B0-4423-9DE0-15A705367A8A}.Debug|Any CPU.Build.0 = Debug|x64
		{287D9577-53B0-4423-9DE0-15A705367A8A}.Debug|Any CPU.Deploy.0 = Debug|x64
		{287D9577-53B0-4423-9DE0-15A705367A8A}.Debug|ARM64.ActiveCfg = Debug|ARM64
		{287D9577-53B0-4423-9DE0-15A705367A8A}.Debug|ARM64.Build.0 = Debug|ARM64
		{287D9577-53B0-4423-9DE0-15A705367A8A}.Debug|ARM64.Deploy.0 = Debug|ARM64
		{287D9577-53B0-4423-9DE0-15A705367A8A}.Debug|x64.ActiveCfg = Debug|x64
		{287D9577-53B0-4423-9DE0-15A705367A8A}.Debug|x64.Build.0 = Debug|x64
		{287D9577-53B0-4423-9DE0-15A705367A8A}.Debug|x64.Deploy.0 = Debug|x64
		{287D9577-53B0-4423-9DE0-15A705367A8A}.Debug|x86.ActiveCfg = Debug|x86
		{287D9577-53B0-4423-9DE0-15A705367A8A}.Debug|x86.Build.0 = Debug|x86
		{287D9577-53B0-4423-9DE0-15A705367A8A}.Debug|x86.Deploy.0 = Debug|x86
		{287D9577-53B0-4423-9DE0-15A705367A8A}.Release|Any CPU.ActiveCfg = Release|x64
		{287D9577-53B0-4423-9DE0-15A705367A8A}.Release|Any CPU.Build.0 = Release|x64
		{287D9577-53B0-4423-9DE0-15A705367A8A}.Release|Any CPU.Deploy.0 = Release|x64
		{287D9577-53B0-4423-9DE0-15A705367A8A}.Release|ARM64.ActiveCfg = Release|ARM64
		{287D9577-53B0-4423-9DE0-15A705367A8A}.Release|ARM64.Build.0 = Release|ARM64
		{287D9577-53B0-4423-9DE0-15A705367A8A}.Release|ARM64.Deploy.0 = Release|ARM64
		{287D9577-53B0-4423-9DE0-15A705367A8A}.Release|x64.ActiveCfg = Release|x64
		{287D9577-53B0-4423-9DE0-15A705367A8A}.Release|x64.Build.0 = Release|x64
		{287D9577-53B0-4423-9DE0-15A705367A8A}.Release|x64.Deploy.0 = Release|x64
		{287D9577-53B0-4423-9DE0-15A705367A8A}.Release|x86.ActiveCfg = Release|x86
		{287D9577-53B0-4423-9DE0-15A705367A8A}.Release|x86.Build.0 = Release|x86
		{287D9577-53B0-4423-9DE0-15A705367A8A}.Release|x86.Deploy.0 = Release|x86
		{EAC3A60A-9904-4425-A590-285AA3BBB211}.Debug|Any CPU.ActiveCfg = Debug|Any CPU
		{EAC3A60A-9904-4425-A590-285AA3BBB211}.Debug|Any CPU.Build.0 = Debug|Any CPU
		{EAC3A60A-9904-4425-A590-285AA3BBB211}.Debug|ARM64.ActiveCfg = Debug|Any CPU
		{EAC3A60A-9904-4425-A590-285AA3BBB211}.Debug|ARM64.Build.0 = Debug|Any CPU
		{EAC3A60A-9904-4425-A590-285AA3BBB211}.Debug|x64.ActiveCfg = Debug|Any CPU
		{EAC3A60A-9904-4425-A590-285AA3BBB211}.Debug|x64.Build.0 = Debug|Any CPU
		{EAC3A60A-9904-4425-A590-285AA3BBB211}.Debug|x86.ActiveCfg = Debug|Any CPU
		{EAC3A60A-9904-4425-A590-285AA3BBB211}.Debug|x86.Build.0 = Debug|Any CPU
		{EAC3A60A-9904-4425-A590-285AA3BBB211}.Release|Any CPU.ActiveCfg = Release|Any CPU
		{EAC3A60A-9904-4425-A590-285AA3BBB211}.Release|Any CPU.Build.0 = Release|Any CPU
		{EAC3A60A-9904-4425-A590-285AA3BBB211}.Release|ARM64.ActiveCfg = Release|Any CPU
		{EAC3A60A-9904-4425-A590-285AA3BBB211}.Release|ARM64.Build.0 = Release|Any CPU
		{EAC3A60A-9904-4425-A590-285AA3BBB211}.Release|x64.ActiveCfg = Release|Any CPU
		{EAC3A60A-9904-4425-A590-285AA3BBB211}.Release|x64.Build.0 = Release|Any CPU
		{EAC3A60A-9904-4425-A590-285AA3BBB211}.Release|x86.ActiveCfg = Release|Any CPU
		{EAC3A60A-9904-4425-A590-285AA3BBB211}.Release|x86.Build.0 = Release|Any CPU
		{00E34788-D21A-4292-8F6F-79C2BEC88730}.Debug|Any CPU.ActiveCfg = Debug|Any CPU
		{00E34788-D21A-4292-8F6F-79C2BEC88730}.Debug|Any CPU.Build.0 = Debug|Any CPU
		{00E34788-D21A-4292-8F6F-79C2BEC88730}.Debug|ARM64.ActiveCfg = Debug|Any CPU
		{00E34788-D21A-4292-8F6F-79C2BEC88730}.Debug|ARM64.Build.0 = Debug|Any CPU
		{00E34788-D21A-4292-8F6F-79C2BEC88730}.Debug|x64.ActiveCfg = Debug|Any CPU
		{00E34788-D21A-4292-8F6F-79C2BEC88730}.Debug|x64.Build.0 = Debug|Any CPU
		{00E34788-D21A-4292-8F6F-79C2BEC88730}.Debug|x86.ActiveCfg = Debug|Any CPU
		{00E34788-D21A-4292-8F6F-79C2BEC88730}.Debug|x86.Build.0 = Debug|Any CPU
		{00E34788-D21A-4292-8F6F-79C2BEC88730}.Release|Any CPU.ActiveCfg = Release|Any CPU
		{00E34788-D21A-4292-8F6F-79C2BEC88730}.Release|Any CPU.Build.0 = Release|Any CPU
		{00E34788-D21A-4292-8F6F-79C2BEC88730}.Release|ARM64.ActiveCfg = Release|Any CPU
		{00E34788-D21A-4292-8F6F-79C2BEC88730}.Release|ARM64.Build.0 = Release|Any CPU
		{00E34788-D21A-4292-8F6F-79C2BEC88730}.Release|x64.ActiveCfg = Release|Any CPU
		{00E34788-D21A-4292-8F6F-79C2BEC88730}.Release|x64.Build.0 = Release|Any CPU
		{00E34788-D21A-4292-8F6F-79C2BEC88730}.Release|x86.ActiveCfg = Release|Any CPU
		{00E34788-D21A-4292-8F6F-79C2BEC88730}.Release|x86.Build.0 = Release|Any CPU
	EndGlobalSection
	GlobalSection(SolutionProperties) = preSolution
		HideSolutionNode = FALSE
	EndGlobalSection
	GlobalSection(ExtensibilityGlobals) = postSolution
		SolutionGuid = {E5CB4B54-9A6A-4220-B836-1B417E373274}
	EndGlobalSection
EndGlobal
